
Microsoft Visual Studio Solution File, Format Version 12.00
# Visual Studio Version 17
VisualStudioVersion = 17.3.32922.545
MinimumVisualStudioVersion = 10.0.40219.1
Project("{FAE04EC0-301F-11D3-BF4B-00C04F79EFBC}") = "EmptyMVCTesting", "EmptyMVCTesting.csproj", "{E53D9DA9-2777-4967-80F1-815A6B675B60}"
EndProject
Global
	GlobalSection(SolutionConfigurationPlatforms) = preSolution
		Debug|Any CPU = Debug|Any CPU
		Release|Any CPU = Release|Any CPU
	EndGlobalSection
	GlobalSection(ProjectConfigurationPlatforms) = postSolution
		{E53D9DA9-2777-4967-80F1-815A6B675B60}.Debug|Any CPU.ActiveCfg = Debug|Any CPU
		{E53D9DA9-2777-4967-80F1-815A6B675B60}.Debug|Any CPU.Build.0 = Debug|Any CPU
		{E53D9DA9-2777-4967-80F1-815A6B675B60}.Release|Any CPU.ActiveCfg = Release|Any CPU
		{E53D9DA9-2777-4967-80F1-815A6B675B60}.Release|Any CPU.Build.0 = Release|Any CPU
	EndGlobalSection
	GlobalSection(SolutionProperties) = preSolution
		HideSolutionNode = FALSE
	EndGlobalSection
	GlobalSection(ExtensibilityGlobals) = postSolution
		SolutionGuid = {84B84875-A6A4-4C1B-A068-3BF241E4CAA9}
	EndGlobalSection
EndGlobal
